
Microsoft Visual Studio Solution File, Format Version 12.00
# Visual Studio 2012
Project("{FAE04EC0-301F-11D3-BF4B-00C04F79EFBC}") = "RabbitMqInDotNet", "RabbitMqInDotNet\RabbitMqInDotNet.csproj", "{C37102C1-8192-430D-98CB-04E777A63B43}"
EndProject
Project("{FAE04EC0-301F-11D3-BF4B-00C04F79EFBC}") = "RabbitMqService", "RabbitMqService\RabbitMqService.csproj", "{DCF9D448-71DA-431D-B58D-4C2EA5C76FBF}"
EndProject
Project("{FAE04EC0-301F-11D3-BF4B-00C04F79EFBC}") = "OneWayMessageSender", "OneWayMessageSender\OneWayMessageSender.csproj", "{97D15666-334E-4031-A92F-06A86077AD07}"
EndProject
Project("{FAE04EC0-301F-11D3-BF4B-00C04F79EFBC}") = "OneWayMessageReceiver", "OneWayMessageReceiver\OneWayMessageReceiver.csproj", "{8B6326BD-31FF-407D-832B-3A083B4ABEE9}"
EndProject
Project("{FAE04EC0-301F-11D3-BF4B-00C04F79EFBC}") = "WorkerQueueSender", "WorkerQueueSender\WorkerQueueSender.csproj", "{FB03FA3D-A766-4D09-8754-B0B0EDDC06D9}"
EndProject
Project("{FAE04EC0-301F-11D3-BF4B-00C04F79EFBC}") = "WorkerQueueReceiverOne", "WorkerQueueReceiverOne\WorkerQueueReceiverOne.csproj", "{EB9E20FA-7AD5-4754-AA94-9CB2052D0DFE}"
EndProject
Project("{FAE04EC0-301F-11D3-BF4B-00C04F79EFBC}") = "WorkerQueueReceiverTwo", "WorkerQueueReceiverTwo\WorkerQueueReceiverTwo.csproj", "{30F3BBA5-C3D7-4B91-B876-1EEE2213CB7A}"
EndProject
Project("{FAE04EC0-301F-11D3-BF4B-00C04F79EFBC}") = "PublishSubscribeSender", "PublishSubscribeSender\PublishSubscribeSender.csproj", "{3A25B34C-0FE9-4932-AB42-4F58980DF805}"
EndProject
Project("{FAE04EC0-301F-11D3-BF4B-00C04F79EFBC}") = "PublishSubscribeReceiverOne", "PublishSubscribeReceiverOne\PublishSubscribeReceiverOne.csproj", "{DF2345C7-BEFB-44C8-B80B-F9376E9E2476}"
EndProject
Project("{FAE04EC0-301F-11D3-BF4B-00C04F79EFBC}") = "PublishSubscribeReceiverTwo", "PublishSubscribeReceiverTwo\PublishSubscribeReceiverTwo.csproj", "{E79A290E-2E9C-4900-BAA9-FEDF0ABA81C5}"
EndProject
Project("{FAE04EC0-301F-11D3-BF4B-00C04F79EFBC}") = "RpcSender", "RpcSender\RpcSender.csproj", "{4F8159A2-134C-465A-A22A-1761ADBAE69D}"
EndProject
Project("{FAE04EC0-301F-11D3-BF4B-00C04F79EFBC}") = "RpcReceiver", "RpcReceiver\RpcReceiver.csproj", "{44F05BD7-933C-4769-A895-B2AB7124E997}"
EndProject
Project("{FAE04EC0-301F-11D3-BF4B-00C04F79EFBC}") = "RoutingSender", "RoutingSender\RoutingSender.csproj", "{00338E43-7AF5-41F7-BA0F-04CCB5E0A4BD}"
EndProject
Project("{FAE04EC0-301F-11D3-BF4B-00C04F79EFBC}") = "RoutingReceiverOne", "RoutingReceiverOne\RoutingReceiverOne.csproj", "{7623274E-012A-48D8-8E3C-5D7E55B3B9B3}"
EndProject
Project("{FAE04EC0-301F-11D3-BF4B-00C04F79EFBC}") = "RoutingReceiverTwo", "RoutingReceiverTwo\RoutingReceiverTwo.csproj", "{547DBB63-19EC-4987-AC85-CA8BB5A60C5F}"
EndProject
Project("{FAE04EC0-301F-11D3-BF4B-00C04F79EFBC}") = "TopicsSender", "TopicsSender\TopicsSender.csproj", "{CD1E2496-A786-449F-B01D-F3389A62DE9C}"
EndProject
Project("{FAE04EC0-301F-11D3-BF4B-00C04F79EFBC}") = "TopicsReceiverOne", "TopicsReceiverOne\TopicsReceiverOne.csproj", "{BF9DC7AC-749F-415F-B895-9E6FE04B05A4}"
EndProject
Project("{FAE04EC0-301F-11D3-BF4B-00C04F79EFBC}") = "TopicsReceiverTwo", "TopicsReceiverTwo\TopicsReceiverTwo.csproj", "{8A94C5C9-2CEF-4D11-B4A8-2E8BC62129AD}"
EndProject
Project("{FAE04EC0-301F-11D3-BF4B-00C04F79EFBC}") = "TopicsReceiverThree", "TopicsReceiverThree\TopicsReceiverThree.csproj", "{7BBB88FE-D740-40F7-A9A6-D356C3D16F42}"
EndProject
Project("{FAE04EC0-301F-11D3-BF4B-00C04F79EFBC}") = "HeadersSender", "HeadersSender\HeadersSender.csproj", "{3AF96502-92B5-4B70-8ACE-B975610D4CB2}"
EndProject
Project("{FAE04EC0-301F-11D3-BF4B-00C04F79EFBC}") = "HeadersReceiverOne", "HeadersReceiverOne\HeadersReceiverOne.csproj", "{FF00C858-2904-4AF8-9243-9E785775784E}"
EndProject
Project("{FAE04EC0-301F-11D3-BF4B-00C04F79EFBC}") = "HeadersReceiverTwo", "HeadersReceiverTwo\HeadersReceiverTwo.csproj", "{C89180C2-F399-4F8D-8618-0A499C91463D}"
EndProject
Project("{FAE04EC0-301F-11D3-BF4B-00C04F79EFBC}") = "HeadersReceiverThree", "HeadersReceiverThree\HeadersReceiverThree.csproj", "{4842E648-8C22-481D-B1A9-CCEA2B354B31}"
EndProject
Project("{FAE04EC0-301F-11D3-BF4B-00C04F79EFBC}") = "ScatterGatherSender", "ScatterGatherSender\ScatterGatherSender.csproj", "{82149BC9-5D71-4FAA-8FBA-69C808FFD3E3}"
EndProject
Project("{FAE04EC0-301F-11D3-BF4B-00C04F79EFBC}") = "ScatterGatherReceiverOne", "ScatterGatherReceiverOne\ScatterGatherReceiverOne.csproj", "{515EE535-1E76-4D2D-84BD-D065A81CD357}"
EndProject
Project("{FAE04EC0-301F-11D3-BF4B-00C04F79EFBC}") = "ScatterGatherReceiverTwo", "ScatterGatherReceiverTwo\ScatterGatherReceiverTwo.csproj", "{E0C50C57-427E-4EEB-96F5-255F39C988D2}"
EndProject
Project("{FAE04EC0-301F-11D3-BF4B-00C04F79EFBC}") = "ScatterGatherReceiverThree", "ScatterGatherReceiverThree\ScatterGatherReceiverThree.csproj", "{56F0E05B-1718-429C-AAB2-03642A5F1336}"
EndProject
Project("{2150E333-8FDC-42A3-9474-1A3956D46DE8}") = "Basics", "Basics", "{4208D3F5-45D7-4B25-9D94-CEE5CBA750A8}"
EndProject
Project("{2150E333-8FDC-42A3-9474-1A3956D46DE8}") = "Serialisation", "Serialisation", "{753A4E3B-2173-4165-9AEE-8D760588790E}"
EndProject
Project("{FAE04EC0-301F-11D3-BF4B-00C04F79EFBC}") = "SerialisationSender", "SerialisationSender\SerialisationSender.csproj", "{1AEE69EA-D632-4EBB-B79F-7AB8F57CFFC8}"
EndProject
Project("{FAE04EC0-301F-11D3-BF4B-00C04F79EFBC}") = "SerialisationReceiver", "SerialisationReceiver\SerialisationReceiver.csproj", "{8C350123-35C8-41C0-AC5C-421EFE958EE9}"
EndProject
Project("{FAE04EC0-301F-11D3-BF4B-00C04F79EFBC}") = "SharedObjects", "SharedObjects\SharedObjects.csproj", "{D7F079D9-0CD4-48AD-930F-1B7799BD1B43}"
EndProject
Project("{FAE04EC0-301F-11D3-BF4B-00C04F79EFBC}") = "DotNetObjectSender", "DotNetObjectSender\DotNetObjectSender.csproj", "{BF5FD9F3-3F81-4BEF-BC04-82603A9E5D07}"
EndProject
Project("{FAE04EC0-301F-11D3-BF4B-00C04F79EFBC}") = "DotNetObjectReceiver", "DotNetObjectReceiver\DotNetObjectReceiver.csproj", "{A875A9D6-CC4C-4F09-B484-47ABE465694A}"
EndProject
Project("{2150E333-8FDC-42A3-9474-1A3956D46DE8}") = "LargeMessages", "LargeMessages", "{739AD154-8575-40FF-899D-C9A1E50957E1}"
EndProject
Project("{FAE04EC0-301F-11D3-BF4B-00C04F79EFBC}") = "LargeMessageReceiver", "LargeMessageReceiver\LargeMessageReceiver.csproj", "{0B54E1BE-3876-4EAA-9A41-BF83EF13E295}"
EndProject
Project("{FAE04EC0-301F-11D3-BF4B-00C04F79EFBC}") = "LargeMessageSender", "LargeMessageSender\LargeMessageSender.csproj", "{11B6AA12-6945-46AB-92D7-2494E9ACAC98}"
EndProject
Project("{FAE04EC0-301F-11D3-BF4B-00C04F79EFBC}") = "MessagingService", "MessagingService\MessagingService.csproj", "{699483D3-A666-4309-9995-7FCBD42A2BA4}"
EndProject
Project("{2150E333-8FDC-42A3-9474-1A3956D46DE8}") = "FailingMessages", "FailingMessages", "{9247412F-5C62-489B-87BF-CD01A95C631E}"
EndProject
Project("{FAE04EC0-301F-11D3-BF4B-00C04F79EFBC}") = "BadMessageReceiver", "BadMessageReceiver\BadMessageReceiver.csproj", "{39F7756C-D291-4E9E-B901-C81D304C9442}"
EndProject
Project("{FAE04EC0-301F-11D3-BF4B-00C04F79EFBC}") = "BadMessageSender", "BadMessageSender\BadMessageSender.csproj", "{CFA0C1B5-F9D8-41D9-B892-8B425ABB7A6D}"
EndProject
Project("{FAE04EC0-301F-11D3-BF4B-00C04F79EFBC}") = "MessageService", "MessageService\MessageService.csproj", "{F10C9608-29F1-42A8-B55A-F186DD500A9D}"
EndProject
Global
	GlobalSection(SolutionConfigurationPlatforms) = preSolution
		Debug|Any CPU = Debug|Any CPU
		Release|Any CPU = Release|Any CPU
	EndGlobalSection
	GlobalSection(ProjectConfigurationPlatforms) = postSolution
		{C37102C1-8192-430D-98CB-04E777A63B43}.Debug|Any CPU.ActiveCfg = Debug|Any CPU
		{C37102C1-8192-430D-98CB-04E777A63B43}.Debug|Any CPU.Build.0 = Debug|Any CPU
		{C37102C1-8192-430D-98CB-04E777A63B43}.Release|Any CPU.ActiveCfg = Release|Any CPU
		{C37102C1-8192-430D-98CB-04E777A63B43}.Release|Any CPU.Build.0 = Release|Any CPU
		{DCF9D448-71DA-431D-B58D-4C2EA5C76FBF}.Debug|Any CPU.ActiveCfg = Debug|Any CPU
		{DCF9D448-71DA-431D-B58D-4C2EA5C76FBF}.Debug|Any CPU.Build.0 = Debug|Any CPU
		{DCF9D448-71DA-431D-B58D-4C2EA5C76FBF}.Release|Any CPU.ActiveCfg = Release|Any CPU
		{DCF9D448-71DA-431D-B58D-4C2EA5C76FBF}.Release|Any CPU.Build.0 = Release|Any CPU
		{97D15666-334E-4031-A92F-06A86077AD07}.Debug|Any CPU.ActiveCfg = Debug|Any CPU
		{97D15666-334E-4031-A92F-06A86077AD07}.Debug|Any CPU.Build.0 = Debug|Any CPU
		{97D15666-334E-4031-A92F-06A86077AD07}.Release|Any CPU.ActiveCfg = Release|Any CPU
		{97D15666-334E-4031-A92F-06A86077AD07}.Release|Any CPU.Build.0 = Release|Any CPU
		{8B6326BD-31FF-407D-832B-3A083B4ABEE9}.Debug|Any CPU.ActiveCfg = Debug|Any CPU
		{8B6326BD-31FF-407D-832B-3A083B4ABEE9}.Debug|Any CPU.Build.0 = Debug|Any CPU
		{8B6326BD-31FF-407D-832B-3A083B4ABEE9}.Release|Any CPU.ActiveCfg = Release|Any CPU
		{8B6326BD-31FF-407D-832B-3A083B4ABEE9}.Release|Any CPU.Build.0 = Release|Any CPU
		{FB03FA3D-A766-4D09-8754-B0B0EDDC06D9}.Debug|Any CPU.ActiveCfg = Debug|Any CPU
		{FB03FA3D-A766-4D09-8754-B0B0EDDC06D9}.Debug|Any CPU.Build.0 = Debug|Any CPU
		{FB03FA3D-A766-4D09-8754-B0B0EDDC06D9}.Release|Any CPU.ActiveCfg = Release|Any CPU
		{FB03FA3D-A766-4D09-8754-B0B0EDDC06D9}.Release|Any CPU.Build.0 = Release|Any CPU
		{EB9E20FA-7AD5-4754-AA94-9CB2052D0DFE}.Debug|Any CPU.ActiveCfg = Debug|Any CPU
		{EB9E20FA-7AD5-4754-AA94-9CB2052D0DFE}.Debug|Any CPU.Build.0 = Debug|Any CPU
		{EB9E20FA-7AD5-4754-AA94-9CB2052D0DFE}.Release|Any CPU.ActiveCfg = Release|Any CPU
		{EB9E20FA-7AD5-4754-AA94-9CB2052D0DFE}.Release|Any CPU.Build.0 = Release|Any CPU
		{30F3BBA5-C3D7-4B91-B876-1EEE2213CB7A}.Debug|Any CPU.ActiveCfg = Debug|Any CPU
		{30F3BBA5-C3D7-4B91-B876-1EEE2213CB7A}.Debug|Any CPU.Build.0 = Debug|Any CPU
		{30F3BBA5-C3D7-4B91-B876-1EEE2213CB7A}.Release|Any CPU.ActiveCfg = Release|Any CPU
		{30F3BBA5-C3D7-4B91-B876-1EEE2213CB7A}.Release|Any CPU.Build.0 = Release|Any CPU
		{3A25B34C-0FE9-4932-AB42-4F58980DF805}.Debug|Any CPU.ActiveCfg = Debug|Any CPU
		{3A25B34C-0FE9-4932-AB42-4F58980DF805}.Debug|Any CPU.Build.0 = Debug|Any CPU
		{3A25B34C-0FE9-4932-AB42-4F58980DF805}.Release|Any CPU.ActiveCfg = Release|Any CPU
		{3A25B34C-0FE9-4932-AB42-4F58980DF805}.Release|Any CPU.Build.0 = Release|Any CPU
		{DF2345C7-BEFB-44C8-B80B-F9376E9E2476}.Debug|Any CPU.ActiveCfg = Debug|Any CPU
		{DF2345C7-BEFB-44C8-B80B-F9376E9E2476}.Debug|Any CPU.Build.0 = Debug|Any CPU
		{DF2345C7-BEFB-44C8-B80B-F9376E9E2476}.Release|Any CPU.ActiveCfg = Release|Any CPU
		{DF2345C7-BEFB-44C8-B80B-F9376E9E2476}.Release|Any CPU.Build.0 = Release|Any CPU
		{E79A290E-2E9C-4900-BAA9-FEDF0ABA81C5}.Debug|Any CPU.ActiveCfg = Debug|Any CPU
		{E79A290E-2E9C-4900-BAA9-FEDF0ABA81C5}.Debug|Any CPU.Build.0 = Debug|Any CPU
		{E79A290E-2E9C-4900-BAA9-FEDF0ABA81C5}.Release|Any CPU.ActiveCfg = Release|Any CPU
		{E79A290E-2E9C-4900-BAA9-FEDF0ABA81C5}.Release|Any CPU.Build.0 = Release|Any CPU
		{4F8159A2-134C-465A-A22A-1761ADBAE69D}.Debug|Any CPU.ActiveCfg = Debug|Any CPU
		{4F8159A2-134C-465A-A22A-1761ADBAE69D}.Debug|Any CPU.Build.0 = Debug|Any CPU
		{4F8159A2-134C-465A-A22A-1761ADBAE69D}.Release|Any CPU.ActiveCfg = Release|Any CPU
		{4F8159A2-134C-465A-A22A-1761ADBAE69D}.Release|Any CPU.Build.0 = Release|Any CPU
		{44F05BD7-933C-4769-A895-B2AB7124E997}.Debug|Any CPU.ActiveCfg = Debug|Any CPU
		{44F05BD7-933C-4769-A895-B2AB7124E997}.Debug|Any CPU.Build.0 = Debug|Any CPU
		{44F05BD7-933C-4769-A895-B2AB7124E997}.Release|Any CPU.ActiveCfg = Release|Any CPU
		{44F05BD7-933C-4769-A895-B2AB7124E997}.Release|Any CPU.Build.0 = Release|Any CPU
		{00338E43-7AF5-41F7-BA0F-04CCB5E0A4BD}.Debug|Any CPU.ActiveCfg = Debug|Any CPU
		{00338E43-7AF5-41F7-BA0F-04CCB5E0A4BD}.Debug|Any CPU.Build.0 = Debug|Any CPU
		{00338E43-7AF5-41F7-BA0F-04CCB5E0A4BD}.Release|Any CPU.ActiveCfg = Release|Any CPU
		{00338E43-7AF5-41F7-BA0F-04CCB5E0A4BD}.Release|Any CPU.Build.0 = Release|Any CPU
		{7623274E-012A-48D8-8E3C-5D7E55B3B9B3}.Debug|Any CPU.ActiveCfg = Debug|Any CPU
		{7623274E-012A-48D8-8E3C-5D7E55B3B9B3}.Debug|Any CPU.Build.0 = Debug|Any CPU
		{7623274E-012A-48D8-8E3C-5D7E55B3B9B3}.Release|Any CPU.ActiveCfg = Release|Any CPU
		{7623274E-012A-48D8-8E3C-5D7E55B3B9B3}.Release|Any CPU.Build.0 = Release|Any CPU
		{547DBB63-19EC-4987-AC85-CA8BB5A60C5F}.Debug|Any CPU.ActiveCfg = Debug|Any CPU
		{547DBB63-19EC-4987-AC85-CA8BB5A60C5F}.Debug|Any CPU.Build.0 = Debug|Any CPU
		{547DBB63-19EC-4987-AC85-CA8BB5A60C5F}.Release|Any CPU.ActiveCfg = Release|Any CPU
		{547DBB63-19EC-4987-AC85-CA8BB5A60C5F}.Release|Any CPU.Build.0 = Release|Any CPU
		{CD1E2496-A786-449F-B01D-F3389A62DE9C}.Debug|Any CPU.ActiveCfg = Debug|Any CPU
		{CD1E2496-A786-449F-B01D-F3389A62DE9C}.Debug|Any CPU.Build.0 = Debug|Any CPU
		{CD1E2496-A786-449F-B01D-F3389A62DE9C}.Release|Any CPU.ActiveCfg = Release|Any CPU
		{CD1E2496-A786-449F-B01D-F3389A62DE9C}.Release|Any CPU.Build.0 = Release|Any CPU
		{BF9DC7AC-749F-415F-B895-9E6FE04B05A4}.Debug|Any CPU.ActiveCfg = Debug|Any CPU
		{BF9DC7AC-749F-415F-B895-9E6FE04B05A4}.Debug|Any CPU.Build.0 = Debug|Any CPU
		{BF9DC7AC-749F-415F-B895-9E6FE04B05A4}.Release|Any CPU.ActiveCfg = Release|Any CPU
		{BF9DC7AC-749F-415F-B895-9E6FE04B05A4}.Release|Any CPU.Build.0 = Release|Any CPU
		{8A94C5C9-2CEF-4D11-B4A8-2E8BC62129AD}.Debug|Any CPU.ActiveCfg = Debug|Any CPU
		{8A94C5C9-2CEF-4D11-B4A8-2E8BC62129AD}.Debug|Any CPU.Build.0 = Debug|Any CPU
		{8A94C5C9-2CEF-4D11-B4A8-2E8BC62129AD}.Release|Any CPU.ActiveCfg = Release|Any CPU
		{8A94C5C9-2CEF-4D11-B4A8-2E8BC62129AD}.Release|Any CPU.Build.0 = Release|Any CPU
		{7BBB88FE-D740-40F7-A9A6-D356C3D16F42}.Debug|Any CPU.ActiveCfg = Debug|Any CPU
		{7BBB88FE-D740-40F7-A9A6-D356C3D16F42}.Debug|Any CPU.Build.0 = Debug|Any CPU
		{7BBB88FE-D740-40F7-A9A6-D356C3D16F42}.Release|Any CPU.ActiveCfg = Release|Any CPU
		{7BBB88FE-D740-40F7-A9A6-D356C3D16F42}.Release|Any CPU.Build.0 = Release|Any CPU
		{3AF96502-92B5-4B70-8ACE-B975610D4CB2}.Debug|Any CPU.ActiveCfg = Debug|Any CPU
		{3AF96502-92B5-4B70-8ACE-B975610D4CB2}.Debug|Any CPU.Build.0 = Debug|Any CPU
		{3AF96502-92B5-4B70-8ACE-B975610D4CB2}.Release|Any CPU.ActiveCfg = Release|Any CPU
		{3AF96502-92B5-4B70-8ACE-B975610D4CB2}.Release|Any CPU.Build.0 = Release|Any CPU
		{FF00C858-2904-4AF8-9243-9E785775784E}.Debug|Any CPU.ActiveCfg = Debug|Any CPU
		{FF00C858-2904-4AF8-9243-9E785775784E}.Debug|Any CPU.Build.0 = Debug|Any CPU
		{FF00C858-2904-4AF8-9243-9E785775784E}.Release|Any CPU.ActiveCfg = Release|Any CPU
		{FF00C858-2904-4AF8-9243-9E785775784E}.Release|Any CPU.Build.0 = Release|Any CPU
		{C89180C2-F399-4F8D-8618-0A499C91463D}.Debug|Any CPU.ActiveCfg = Debug|Any CPU
		{C89180C2-F399-4F8D-8618-0A499C91463D}.Debug|Any CPU.Build.0 = Debug|Any CPU
		{C89180C2-F399-4F8D-8618-0A499C91463D}.Release|Any CPU.ActiveCfg = Release|Any CPU
		{C89180C2-F399-4F8D-8618-0A499C91463D}.Release|Any CPU.Build.0 = Release|Any CPU
		{4842E648-8C22-481D-B1A9-CCEA2B354B31}.Debug|Any CPU.ActiveCfg = Debug|Any CPU
		{4842E648-8C22-481D-B1A9-CCEA2B354B31}.Debug|Any CPU.Build.0 = Debug|Any CPU
		{4842E648-8C22-481D-B1A9-CCEA2B354B31}.Release|Any CPU.ActiveCfg = Release|Any CPU
		{4842E648-8C22-481D-B1A9-CCEA2B354B31}.Release|Any CPU.Build.0 = Release|Any CPU
		{82149BC9-5D71-4FAA-8FBA-69C808FFD3E3}.Debug|Any CPU.ActiveCfg = Debug|Any CPU
		{82149BC9-5D71-4FAA-8FBA-69C808FFD3E3}.Debug|Any CPU.Build.0 = Debug|Any CPU
		{82149BC9-5D71-4FAA-8FBA-69C808FFD3E3}.Release|Any CPU.ActiveCfg = Release|Any CPU
		{82149BC9-5D71-4FAA-8FBA-69C808FFD3E3}.Release|Any CPU.Build.0 = Release|Any CPU
		{515EE535-1E76-4D2D-84BD-D065A81CD357}.Debug|Any CPU.ActiveCfg = Debug|Any CPU
		{515EE535-1E76-4D2D-84BD-D065A81CD357}.Debug|Any CPU.Build.0 = Debug|Any CPU
		{515EE535-1E76-4D2D-84BD-D065A81CD357}.Release|Any CPU.ActiveCfg = Release|Any CPU
		{515EE535-1E76-4D2D-84BD-D065A81CD357}.Release|Any CPU.Build.0 = Release|Any CPU
		{E0C50C57-427E-4EEB-96F5-255F39C988D2}.Debug|Any CPU.ActiveCfg = Debug|Any CPU
		{E0C50C57-427E-4EEB-96F5-255F39C988D2}.Debug|Any CPU.Build.0 = Debug|Any CPU
		{E0C50C57-427E-4EEB-96F5-255F39C988D2}.Release|Any CPU.ActiveCfg = Release|Any CPU
		{E0C50C57-427E-4EEB-96F5-255F39C988D2}.Release|Any CPU.Build.0 = Release|Any CPU
		{56F0E05B-1718-429C-AAB2-03642A5F1336}.Debug|Any CPU.ActiveCfg = Debug|Any CPU
		{56F0E05B-1718-429C-AAB2-03642A5F1336}.Debug|Any CPU.Build.0 = Debug|Any CPU
		{56F0E05B-1718-429C-AAB2-03642A5F1336}.Release|Any CPU.ActiveCfg = Release|Any CPU
		{56F0E05B-1718-429C-AAB2-03642A5F1336}.Release|Any CPU.Build.0 = Release|Any CPU
		{1AEE69EA-D632-4EBB-B79F-7AB8F57CFFC8}.Debug|Any CPU.ActiveCfg = Debug|Any CPU
		{1AEE69EA-D632-4EBB-B79F-7AB8F57CFFC8}.Debug|Any CPU.Build.0 = Debug|Any CPU
		{1AEE69EA-D632-4EBB-B79F-7AB8F57CFFC8}.Release|Any CPU.ActiveCfg = Release|Any CPU
		{1AEE69EA-D632-4EBB-B79F-7AB8F57CFFC8}.Release|Any CPU.Build.0 = Release|Any CPU
		{8C350123-35C8-41C0-AC5C-421EFE958EE9}.Debug|Any CPU.ActiveCfg = Debug|Any CPU
		{8C350123-35C8-41C0-AC5C-421EFE958EE9}.Debug|Any CPU.Build.0 = Debug|Any CPU
		{8C350123-35C8-41C0-AC5C-421EFE958EE9}.Release|Any CPU.ActiveCfg = Release|Any CPU
		{8C350123-35C8-41C0-AC5C-421EFE958EE9}.Release|Any CPU.Build.0 = Release|Any CPU
		{D7F079D9-0CD4-48AD-930F-1B7799BD1B43}.Debug|Any CPU.ActiveCfg = Debug|Any CPU
		{D7F079D9-0CD4-48AD-930F-1B7799BD1B43}.Debug|Any CPU.Build.0 = Debug|Any CPU
		{D7F079D9-0CD4-48AD-930F-1B7799BD1B43}.Release|Any CPU.ActiveCfg = Release|Any CPU
		{D7F079D9-0CD4-48AD-930F-1B7799BD1B43}.Release|Any CPU.Build.0 = Release|Any CPU
		{BF5FD9F3-3F81-4BEF-BC04-82603A9E5D07}.Debug|Any CPU.ActiveCfg = Debug|Any CPU
		{BF5FD9F3-3F81-4BEF-BC04-82603A9E5D07}.Debug|Any CPU.Build.0 = Debug|Any CPU
		{BF5FD9F3-3F81-4BEF-BC04-82603A9E5D07}.Release|Any CPU.ActiveCfg = Release|Any CPU
		{BF5FD9F3-3F81-4BEF-BC04-82603A9E5D07}.Release|Any CPU.Build.0 = Release|Any CPU
		{A875A9D6-CC4C-4F09-B484-47ABE465694A}.Debug|Any CPU.ActiveCfg = Debug|Any CPU
		{A875A9D6-CC4C-4F09-B484-47ABE465694A}.Debug|Any CPU.Build.0 = Debug|Any CPU
		{A875A9D6-CC4C-4F09-B484-47ABE465694A}.Release|Any CPU.ActiveCfg = Release|Any CPU
		{A875A9D6-CC4C-4F09-B484-47ABE465694A}.Release|Any CPU.Build.0 = Release|Any CPU
		{0B54E1BE-3876-4EAA-9A41-BF83EF13E295}.Debug|Any CPU.ActiveCfg = Debug|Any CPU
		{0B54E1BE-3876-4EAA-9A41-BF83EF13E295}.Debug|Any CPU.Build.0 = Debug|Any CPU
		{0B54E1BE-3876-4EAA-9A41-BF83EF13E295}.Release|Any CPU.ActiveCfg = Release|Any CPU
		{0B54E1BE-3876-4EAA-9A41-BF83EF13E295}.Release|Any CPU.Build.0 = Release|Any CPU
		{11B6AA12-6945-46AB-92D7-2494E9ACAC98}.Debug|Any CPU.ActiveCfg = Debug|Any CPU
		{11B6AA12-6945-46AB-92D7-2494E9ACAC98}.Debug|Any CPU.Build.0 = Debug|Any CPU
		{11B6AA12-6945-46AB-92D7-2494E9ACAC98}.Release|Any CPU.ActiveCfg = Release|Any CPU
		{11B6AA12-6945-46AB-92D7-2494E9ACAC98}.Release|Any CPU.Build.0 = Release|Any CPU
		{699483D3-A666-4309-9995-7FCBD42A2BA4}.Debug|Any CPU.ActiveCfg = Debug|Any CPU
		{699483D3-A666-4309-9995-7FCBD42A2BA4}.Debug|Any CPU.Build.0 = Debug|Any CPU
		{699483D3-A666-4309-9995-7FCBD42A2BA4}.Release|Any CPU.ActiveCfg = Release|Any CPU
		{699483D3-A666-4309-9995-7FCBD42A2BA4}.Release|Any CPU.Build.0 = Release|Any CPU
		{39F7756C-D291-4E9E-B901-C81D304C9442}.Debug|Any CPU.ActiveCfg = Debug|Any CPU
		{39F7756C-D291-4E9E-B901-C81D304C9442}.Debug|Any CPU.Build.0 = Debug|Any CPU
		{39F7756C-D291-4E9E-B901-C81D304C9442}.Release|Any CPU.ActiveCfg = Release|Any CPU
		{39F7756C-D291-4E9E-B901-C81D304C9442}.Release|Any CPU.Build.0 = Release|Any CPU
		{CFA0C1B5-F9D8-41D9-B892-8B425ABB7A6D}.Debug|Any CPU.ActiveCfg = Debug|Any CPU
		{CFA0C1B5-F9D8-41D9-B892-8B425ABB7A6D}.Debug|Any CPU.Build.0 = Debug|Any CPU
		{CFA0C1B5-F9D8-41D9-B892-8B425ABB7A6D}.Release|Any CPU.ActiveCfg = Release|Any CPU
		{CFA0C1B5-F9D8-41D9-B892-8B425ABB7A6D}.Release|Any CPU.Build.0 = Release|Any CPU
		{F10C9608-29F1-42A8-B55A-F186DD500A9D}.Debug|Any CPU.ActiveCfg = Debug|Any CPU
		{F10C9608-29F1-42A8-B55A-F186DD500A9D}.Debug|Any CPU.Build.0 = Debug|Any CPU
		{F10C9608-29F1-42A8-B55A-F186DD500A9D}.Release|Any CPU.ActiveCfg = Release|Any CPU
		{F10C9608-29F1-42A8-B55A-F186DD500A9D}.Release|Any CPU.Build.0 = Release|Any CPU
	EndGlobalSection
	GlobalSection(SolutionProperties) = preSolution
		HideSolutionNode = FALSE
	EndGlobalSection
	GlobalSection(NestedProjects) = preSolution
		{DCF9D448-71DA-431D-B58D-4C2EA5C76FBF} = {4208D3F5-45D7-4B25-9D94-CEE5CBA750A8}
		{97D15666-334E-4031-A92F-06A86077AD07} = {4208D3F5-45D7-4B25-9D94-CEE5CBA750A8}
		{8B6326BD-31FF-407D-832B-3A083B4ABEE9} = {4208D3F5-45D7-4B25-9D94-CEE5CBA750A8}
		{FB03FA3D-A766-4D09-8754-B0B0EDDC06D9} = {4208D3F5-45D7-4B25-9D94-CEE5CBA750A8}
		{EB9E20FA-7AD5-4754-AA94-9CB2052D0DFE} = {4208D3F5-45D7-4B25-9D94-CEE5CBA750A8}
		{30F3BBA5-C3D7-4B91-B876-1EEE2213CB7A} = {4208D3F5-45D7-4B25-9D94-CEE5CBA750A8}
		{3A25B34C-0FE9-4932-AB42-4F58980DF805} = {4208D3F5-45D7-4B25-9D94-CEE5CBA750A8}
		{DF2345C7-BEFB-44C8-B80B-F9376E9E2476} = {4208D3F5-45D7-4B25-9D94-CEE5CBA750A8}
		{E79A290E-2E9C-4900-BAA9-FEDF0ABA81C5} = {4208D3F5-45D7-4B25-9D94-CEE5CBA750A8}
		{4F8159A2-134C-465A-A22A-1761ADBAE69D} = {4208D3F5-45D7-4B25-9D94-CEE5CBA750A8}
		{44F05BD7-933C-4769-A895-B2AB7124E997} = {4208D3F5-45D7-4B25-9D94-CEE5CBA750A8}
		{00338E43-7AF5-41F7-BA0F-04CCB5E0A4BD} = {4208D3F5-45D7-4B25-9D94-CEE5CBA750A8}
		{7623274E-012A-48D8-8E3C-5D7E55B3B9B3} = {4208D3F5-45D7-4B25-9D94-CEE5CBA750A8}
		{547DBB63-19EC-4987-AC85-CA8BB5A60C5F} = {4208D3F5-45D7-4B25-9D94-CEE5CBA750A8}
		{CD1E2496-A786-449F-B01D-F3389A62DE9C} = {4208D3F5-45D7-4B25-9D94-CEE5CBA750A8}
		{BF9DC7AC-749F-415F-B895-9E6FE04B05A4} = {4208D3F5-45D7-4B25-9D94-CEE5CBA750A8}
		{8A94C5C9-2CEF-4D11-B4A8-2E8BC62129AD} = {4208D3F5-45D7-4B25-9D94-CEE5CBA750A8}
		{7BBB88FE-D740-40F7-A9A6-D356C3D16F42} = {4208D3F5-45D7-4B25-9D94-CEE5CBA750A8}
		{3AF96502-92B5-4B70-8ACE-B975610D4CB2} = {4208D3F5-45D7-4B25-9D94-CEE5CBA750A8}
		{FF00C858-2904-4AF8-9243-9E785775784E} = {4208D3F5-45D7-4B25-9D94-CEE5CBA750A8}
		{C89180C2-F399-4F8D-8618-0A499C91463D} = {4208D3F5-45D7-4B25-9D94-CEE5CBA750A8}
		{4842E648-8C22-481D-B1A9-CCEA2B354B31} = {4208D3F5-45D7-4B25-9D94-CEE5CBA750A8}
		{82149BC9-5D71-4FAA-8FBA-69C808FFD3E3} = {4208D3F5-45D7-4B25-9D94-CEE5CBA750A8}
		{515EE535-1E76-4D2D-84BD-D065A81CD357} = {4208D3F5-45D7-4B25-9D94-CEE5CBA750A8}
		{E0C50C57-427E-4EEB-96F5-255F39C988D2} = {4208D3F5-45D7-4B25-9D94-CEE5CBA750A8}
		{56F0E05B-1718-429C-AAB2-03642A5F1336} = {4208D3F5-45D7-4B25-9D94-CEE5CBA750A8}
		{C37102C1-8192-430D-98CB-04E777A63B43} = {4208D3F5-45D7-4B25-9D94-CEE5CBA750A8}
		{1AEE69EA-D632-4EBB-B79F-7AB8F57CFFC8} = {753A4E3B-2173-4165-9AEE-8D760588790E}
		{8C350123-35C8-41C0-AC5C-421EFE958EE9} = {753A4E3B-2173-4165-9AEE-8D760588790E}
		{D7F079D9-0CD4-48AD-930F-1B7799BD1B43} = {753A4E3B-2173-4165-9AEE-8D760588790E}
		{BF5FD9F3-3F81-4BEF-BC04-82603A9E5D07} = {753A4E3B-2173-4165-9AEE-8D760588790E}
		{A875A9D6-CC4C-4F09-B484-47ABE465694A} = {753A4E3B-2173-4165-9AEE-8D760588790E}
		{0B54E1BE-3876-4EAA-9A41-BF83EF13E295} = {739AD154-8575-40FF-899D-C9A1E50957E1}
		{11B6AA12-6945-46AB-92D7-2494E9ACAC98} = {739AD154-8575-40FF-899D-C9A1E50957E1}
		{699483D3-A666-4309-9995-7FCBD42A2BA4} = {739AD154-8575-40FF-899D-C9A1E50957E1}
		{39F7756C-D291-4E9E-B901-C81D304C9442} = {9247412F-5C62-489B-87BF-CD01A95C631E}
		{CFA0C1B5-F9D8-41D9-B892-8B425ABB7A6D} = {9247412F-5C62-489B-87BF-CD01A95C631E}
		{F10C9608-29F1-42A8-B55A-F186DD500A9D} = {9247412F-5C62-489B-87BF-CD01A95C631E}
	EndGlobalSection
EndGlobal
